// !$*UTF8*$!
{
	archiveVersion = 1;
	classes = {
	};
	objectVersion = 46;
	objects = {

/* Begin PBXBuildFile section */
		7AD540CE1E559C2E0046350D /* AppDelegate.swift in Sources */ = {isa = PBXBuildFile; fileRef = 7AD540CD1E559C2E0046350D /* AppDelegate.swift */; };
		7AD540D01E559C2E0046350D /* ViewController.swift in Sources */ = {isa = PBXBuildFile; fileRef = 7AD540CF1E559C2E0046350D /* ViewController.swift */; };
		7AD540D31E559C2E0046350D /* Main.storyboard in Resources */ = {isa = PBXBuildFile; fileRef = 7AD540D11E559C2E0046350D /* Main.storyboard */; };
		7AD540D51E559C2E0046350D /* Assets.xcassets in Resources */ = {isa = PBXBuildFile; fileRef = 7AD540D41E559C2E0046350D /* Assets.xcassets */; };
		7AD540D81E559C2E0046350D /* LaunchScreen.storyboard in Resources */ = {isa = PBXBuildFile; fileRef = 7AD540D61E559C2E0046350D /* LaunchScreen.storyboard */; };
		7AD540E31E559C2E0046350D /* CircleActivityViewTests.swift in Sources */ = {isa = PBXBuildFile; fileRef = 7AD540E21E559C2E0046350D /* CircleActivityViewTests.swift */; };
		7AD540EE1E559C2E0046350D /* CircleActivityViewUITests.swift in Sources */ = {isa = PBXBuildFile; fileRef = 7AD540ED1E559C2E0046350D /* CircleActivityViewUITests.swift */; };
		7AD540FD1E559C570046350D /* ActivityView.swift in Sources */ = {isa = PBXBuildFile; fileRef = 7AD540FC1E559C570046350D /* ActivityView.swift */; };
		7AD540FF1E55AF220046350D /* UIColor+Hex.swift in Sources */ = {isa = PBXBuildFile; fileRef = 7AD540FE1E55AF220046350D /* UIColor+Hex.swift */; };
/* End PBXBuildFile section */

/* Begin PBXContainerItemProxy section */
		7AD540DF1E559C2E0046350D /* PBXContainerItemProxy */ = {
			isa = PBXContainerItemProxy;
			containerPortal = 7AD540C21E559C2E0046350D /* Project object */;
			proxyType = 1;
			remoteGlobalIDString = 7AD540C91E559C2E0046350D;
			remoteInfo = CircleActivityView;
		};
		7AD540EA1E559C2E0046350D /* PBXContainerItemProxy */ = {
			isa = PBXContainerItemProxy;
			containerPortal = 7AD540C21E559C2E0046350D /* Project object */;
			proxyType = 1;
			remoteGlobalIDString = 7AD540C91E559C2E0046350D;
			remoteInfo = CircleActivityView;
		};
/* End PBXContainerItemProxy section */

/* Begin PBXFileReference section */
		7AD540CA1E559C2E0046350D /* CircleActivityView.app */ = {isa = PBXFileReference; explicitFileType = wrapper.application; includeInIndex = 0; path = CircleActivityView.app; sourceTree = BUILT_PRODUCTS_DIR; };
		7AD540CD1E559C2E0046350D /* AppDelegate.swift */ = {isa = PBXFileReference; lastKnownFileType = sourcecode.swift; path = AppDelegate.swift; sourceTree = "<group>"; };
		7AD540CF1E559C2E0046350D /* ViewController.swift */ = {isa = PBXFileReference; lastKnownFileType = sourcecode.swift; path = ViewController.swift; sourceTree = "<group>"; };
		7AD540D21E559C2E0046350D /* Base */ = {isa = PBXFileReference; lastKnownFileType = file.storyboard; name = Base; path = Base.lproj/Main.storyboard; sourceTree = "<group>"; };
		7AD540D41E559C2E0046350D /* Assets.xcassets */ = {isa = PBXFileReference; lastKnownFileType = folder.assetcatalog; path = Assets.xcassets; sourceTree = "<group>"; };
		7AD540D71E559C2E0046350D /* Base */ = {isa = PBXFileReference; lastKnownFileType = file.storyboard; name = Base; path = Base.lproj/LaunchScreen.storyboard; sourceTree = "<group>"; };
		7AD540D91E559C2E0046350D /* Info.plist */ = {isa = PBXFileReference; lastKnownFileType = text.plist.xml; path = Info.plist; sourceTree = "<group>"; };
		7AD540DE1E559C2E0046350D /* CircleActivityViewTests.xctest */ = {isa = PBXFileReference; explicitFileType = wrapper.cfbundle; includeInIndex = 0; path = CircleActivityViewTests.xctest; sourceTree = BUILT_PRODUCTS_DIR; };
		7AD540E21E559C2E0046350D /* CircleActivityViewTests.swift */ = {isa = PBXFileReference; lastKnownFileType = sourcecode.swift; path = CircleActivityViewTests.swift; sourceTree = "<group>"; };
		7AD540E41E559C2E0046350D /* Info.plist */ = {isa = PBXFileReference; lastKnownFileType = text.plist.xml; path = Info.plist; sourceTree = "<group>"; };
		7AD540E91E559C2E0046350D /* CircleActivityViewUITests.xctest */ = {isa = PBXFileReference; explicitFileType = wrapper.cfbundle; includeInIndex = 0; path = CircleActivityViewUITests.xctest; sourceTree = BUILT_PRODUCTS_DIR; };
		7AD540ED1E559C2E0046350D /* CircleActivityViewUITests.swift */ = {isa = PBXFileReference; lastKnownFileType = sourcecode.swift; path = CircleActivityViewUITests.swift; sourceTree = "<group>"; };
		7AD540EF1E559C2E0046350D /* Info.plist */ = {isa = PBXFileReference; lastKnownFileType = text.plist.xml; path = Info.plist; sourceTree = "<group>"; };
		7AD540FC1E559C570046350D /* ActivityView.swift */ = {isa = PBXFileReference; fileEncoding = 4; lastKnownFileType = sourcecode.swift; path = ActivityView.swift; sourceTree = "<group>"; };
		7AD540FE1E55AF220046350D /* UIColor+Hex.swift */ = {isa = PBXFileReference; fileEncoding = 4; lastKnownFileType = sourcecode.swift; path = "UIColor+Hex.swift"; sourceTree = "<group>"; };
/* End PBXFileReference section */

/* Begin PBXFrameworksBuildPhase section */
		7AD540C71E559C2E0046350D /* Frameworks */ = {
			isa = PBXFrameworksBuildPhase;
			buildActionMask = 2147483647;
			files = (
			);
			runOnlyForDeploymentPostprocessing = 0;
		};
		7AD540DB1E559C2E0046350D /* Frameworks */ = {
			isa = PBXFrameworksBuildPhase;
			buildActionMask = 2147483647;
			files = (
			);
			runOnlyForDeploymentPostprocessing = 0;
		};
		7AD540E61E559C2E0046350D /* Frameworks */ = {
			isa = PBXFrameworksBuildPhase;
			buildActionMask = 2147483647;
			files = (
			);
			runOnlyForDeploymentPostprocessing = 0;
		};
/* End PBXFrameworksBuildPhase section */

/* Begin PBXGroup section */
		7AD540C11E559C2E0046350D = {
			isa = PBXGroup;
			children = (
				7AD540CC1E559C2E0046350D /* CircleActivityView */,
				7AD540E11E559C2E0046350D /* CircleActivityViewTests */,
				7AD540EC1E559C2E0046350D /* CircleActivityViewUITests */,
				7AD540CB1E559C2E0046350D /* Products */,
			);
			sourceTree = "<group>";
		};
		7AD540CB1E559C2E0046350D /* Products */ = {
			isa = PBXGroup;
			children = (
				7AD540CA1E559C2E0046350D /* CircleActivityView.app */,
				7AD540DE1E559C2E0046350D /* CircleActivityViewTests.xctest */,
				7AD540E91E559C2E0046350D /* CircleActivityViewUITests.xctest */,
			);
			name = Products;
			sourceTree = "<group>";
		};
		7AD540CC1E559C2E0046350D /* CircleActivityView */ = {
			isa = PBXGroup;
			children = (
				7AD540CD1E559C2E0046350D /* AppDelegate.swift */,
				7AD540CF1E559C2E0046350D /* ViewController.swift */,
				7AD540FB1E559C440046350D /* Classes */,
				7AD540D11E559C2E0046350D /* Main.storyboard */,
				7AD540D41E559C2E0046350D /* Assets.xcassets */,
				7AD540D61E559C2E0046350D /* LaunchScreen.storyboard */,
				7AD540D91E559C2E0046350D /* Info.plist */,
			);
			path = CircleActivityView;
			sourceTree = "<group>";
		};
		7AD540E11E559C2E0046350D /* CircleActivityViewTests */ = {
			isa = PBXGroup;
			children = (
				7AD540E21E559C2E0046350D /* CircleActivityViewTests.swift */,
				7AD540E41E559C2E0046350D /* Info.plist */,
			);
			path = CircleActivityViewTests;
			sourceTree = "<group>";
		};
		7AD540EC1E559C2E0046350D /* CircleActivityViewUITests */ = {
			isa = PBXGroup;
			children = (
				7AD540ED1E559C2E0046350D /* CircleActivityViewUITests.swift */,
				7AD540EF1E559C2E0046350D /* Info.plist */,
			);
			path = CircleActivityViewUITests;
			sourceTree = "<group>";
		};
		7AD540FB1E559C440046350D /* Classes */ = {
			isa = PBXGroup;
			children = (
				7AD540FC1E559C570046350D /* ActivityView.swift */,
				7AD540FE1E55AF220046350D /* UIColor+Hex.swift */,
			);
			name = Classes;
			sourceTree = "<group>";
		};
/* End PBXGroup section */

/* Begin PBXNativeTarget section */
		7AD540C91E559C2E0046350D /* CircleActivityView */ = {
			isa = PBXNativeTarget;
			buildConfigurationList = 7AD540F21E559C2E0046350D /* Build configuration list for PBXNativeTarget "CircleActivityView" */;
			buildPhases = (
				7AD540C61E559C2E0046350D /* Sources */,
				7AD540C71E559C2E0046350D /* Frameworks */,
				7AD540C81E559C2E0046350D /* Resources */,
			);
			buildRules = (
			);
			dependencies = (
			);
			name = CircleActivityView;
			productName = CircleActivityView;
			productReference = 7AD540CA1E559C2E0046350D /* CircleActivityView.app */;
			productType = "com.apple.product-type.application";
		};
		7AD540DD1E559C2E0046350D /* CircleActivityViewTests */ = {
			isa = PBXNativeTarget;
			buildConfigurationList = 7AD540F51E559C2E0046350D /* Build configuration list for PBXNativeTarget "CircleActivityViewTests" */;
			buildPhases = (
				7AD540DA1E559C2E0046350D /* Sources */,
				7AD540DB1E559C2E0046350D /* Frameworks */,
				7AD540DC1E559C2E0046350D /* Resources */,
			);
			buildRules = (
			);
			dependencies = (
				7AD540E01E559C2E0046350D /* PBXTargetDependency */,
			);
			name = CircleActivityViewTests;
			productName = CircleActivityViewTests;
			productReference = 7AD540DE1E559C2E0046350D /* CircleActivityViewTests.xctest */;
			productType = "com.apple.product-type.bundle.unit-test";
		};
		7AD540E81E559C2E0046350D /* CircleActivityViewUITests */ = {
			isa = PBXNativeTarget;
			buildConfigurationList = 7AD540F81E559C2E0046350D /* Build configuration list for PBXNativeTarget "CircleActivityViewUITests" */;
			buildPhases = (
				7AD540E51E559C2E0046350D /* Sources */,
				7AD540E61E559C2E0046350D /* Frameworks */,
				7AD540E71E559C2E0046350D /* Resources */,
			);
			buildRules = (
			);
			dependencies = (
				7AD540EB1E559C2E0046350D /* PBXTargetDependency */,
			);
			name = CircleActivityViewUITests;
			productName = CircleActivityViewUITests;
			productReference = 7AD540E91E559C2E0046350D /* CircleActivityViewUITests.xctest */;
			productType = "com.apple.product-type.bundle.ui-testing";
		};
/* End PBXNativeTarget section */

/* Begin PBXProject section */
		7AD540C21E559C2E0046350D /* Project object */ = {
			isa = PBXProject;
			attributes = {
				LastSwiftUpdateCheck = 0820;
				LastUpgradeCheck = 0820;
				ORGANIZATIONNAME = "胡良海";
				TargetAttributes = {
					7AD540C91E559C2E0046350D = {
						CreatedOnToolsVersion = 8.2.1;
						ProvisioningStyle = Automatic;
					};
					7AD540DD1E559C2E0046350D = {
						CreatedOnToolsVersion = 8.2.1;
						ProvisioningStyle = Automatic;
						TestTargetID = 7AD540C91E559C2E0046350D;
					};
					7AD540E81E559C2E0046350D = {
						CreatedOnToolsVersion = 8.2.1;
						ProvisioningStyle = Automatic;
						TestTargetID = 7AD540C91E559C2E0046350D;
					};
				};
			};
			buildConfigurationList = 7AD540C51E559C2E0046350D /* Build configuration list for PBXProject "CircleActivityView" */;
			compatibilityVersion = "Xcode 3.2";
			developmentRegion = English;
			hasScannedForEncodings = 0;
			knownRegions = (
				en,
				Base,
			);
			mainGroup = 7AD540C11E559C2E0046350D;
			productRefGroup = 7AD540CB1E559C2E0046350D /* Products */;
			projectDirPath = "";
			projectRoot = "";
			targets = (
				7AD540C91E559C2E0046350D /* CircleActivityView */,
				7AD540DD1E559C2E0046350D /* CircleActivityViewTests */,
				7AD540E81E559C2E0046350D /* CircleActivityViewUITests */,
			);
		};
/* End PBXProject section */

/* Begin PBXResourcesBuildPhase section */
		7AD540C81E559C2E0046350D /* Resources */ = {
			isa = PBXResourcesBuildPhase;
			buildActionMask = 2147483647;
			files = (
				7AD540D81E559C2E0046350D /* LaunchScreen.storyboard in Resources */,
				7AD540D51E559C2E0046350D /* Assets.xcassets in Resources */,
				7AD540D31E559C2E0046350D /* Main.storyboard in Resources */,
			);
			runOnlyForDeploymentPostprocessing = 0;
		};
		7AD540DC1E559C2E0046350D /* Resources */ = {
			isa = PBXResourcesBuildPhase;
			buildActionMask = 2147483647;
			files = (
			);
			runOnlyForDeploymentPostprocessing = 0;
		};
		7AD540E71E559C2E0046350D /* Resources */ = {
			isa = PBXResourcesBuildPhase;
			buildActionMask = 2147483647;
			files = (
			);
			runOnlyForDeploymentPostprocessing = 0;
		};
/* End PBXResourcesBuildPhase section */

/* Begin PBXSourcesBuildPhase section */
		7AD540C61E559C2E0046350D /* Sources */ = {
			isa = PBXSourcesBuildPhase;
			buildActionMask = 2147483647;
			files = (
				7AD540D01E559C2E0046350D /* ViewController.swift in Sources */,
				7AD540FF1E55AF220046350D /* UIColor+Hex.swift in Sources */,
				7AD540CE1E559C2E0046350D /* AppDelegate.swift in Sources */,
				7AD540FD1E559C570046350D /* ActivityView.swift in Sources */,
			);
			runOnlyForDeploymentPostprocessing = 0;
		};
		7AD540DA1E559C2E0046350D /* Sources */ = {
			isa = PBXSourcesBuildPhase;
			buildActionMask = 2147483647;
			files = (
				7AD540E31E559C2E0046350D /* CircleActivityViewTests.swift in Sources */,
			);
			runOnlyForDeploymentPostprocessing = 0;
		};
		7AD540E51E559C2E0046350D /* Sources */ = {
			isa = PBXSourcesBuildPhase;
			buildActionMask = 2147483647;
			files = (
				7AD540EE1E559C2E0046350D /* CircleActivityViewUITests.swift in Sources */,
			);
			runOnlyForDeploymentPostprocessing = 0;
		};
/* End PBXSourcesBuildPhase section */

/* Begin PBXTargetDependency section */
		7AD540E01E559C2E0046350D /* PBXTargetDependency */ = {
			isa = PBXTargetDependency;
			target = 7AD540C91E559C2E0046350D /* CircleActivityView */;
			targetProxy = 7AD540DF1E559C2E0046350D /* PBXContainerItemProxy */;
		};
		7AD540EB1E559C2E0046350D /* PBXTargetDependency */ = {
			isa = PBXTargetDependency;
			target = 7AD540C91E559C2E0046350D /* CircleActivityView */;
			targetProxy = 7AD540EA1E559C2E0046350D /* PBXContainerItemProxy */;
		};
/* End PBXTargetDependency section */

/* Begin PBXVariantGroup section */
		7AD540D11E559C2E0046350D /* Main.storyboard */ = {
			isa = PBXVariantGroup;
			children = (
				7AD540D21E559C2E0046350D /* Base */,
			);
			name = Main.storyboard;
			sourceTree = "<group>";
		};
		7AD540D61E559C2E0046350D /* LaunchScreen.storyboard */ = {
			isa = PBXVariantGroup;
			children = (
				7AD540D71E559C2E0046350D /* Base */,
			);
			name = LaunchScreen.storyboard;
			sourceTree = "<group>";
		};
/* End PBXVariantGroup section */

/* Begin XCBuildConfiguration section */
		7AD540F01E559C2E0046350D /* Debug */ = {
			isa = XCBuildConfiguration;
			buildSettings = {
				ALWAYS_SEARCH_USER_PATHS = NO;
				CLANG_ANALYZER_NONNULL = YES;
				CLANG_CXX_LANGUAGE_STANDARD = "gnu++0x";
				CLANG_CXX_LIBRARY = "libc++";
				CLANG_ENABLE_MODULES = YES;
				CLANG_ENABLE_OBJC_ARC = YES;
				CLANG_WARN_BOOL_CONVERSION = YES;
				CLANG_WARN_CONSTANT_CONVERSION = YES;
				CLANG_WARN_DIRECT_OBJC_ISA_USAGE = YES_ERROR;
				CLANG_WARN_DOCUMENTATION_COMMENTS = YES;
				CLANG_WARN_EMPTY_BODY = YES;
				CLANG_WARN_ENUM_CONVERSION = YES;
				CLANG_WARN_INFINITE_RECURSION = YES;
				CLANG_WARN_INT_CONVERSION = YES;
				CLANG_WARN_OBJC_ROOT_CLASS = YES_ERROR;
				CLANG_WARN_SUSPICIOUS_MOVE = YES;
				CLANG_WARN_UNREACHABLE_CODE = YES;
				CLANG_WARN__DUPLICATE_METHOD_MATCH = YES;
				"CODE_SIGN_IDENTITY[sdk=iphoneos*]" = "iPhone Developer";
				COPY_PHASE_STRIP = NO;
				DEBUG_INFORMATION_FORMAT = dwarf;
				ENABLE_STRICT_OBJC_MSGSEND = YES;
				ENABLE_TESTABILITY = YES;
				GCC_C_LANGUAGE_STANDARD = gnu99;
				GCC_DYNAMIC_NO_PIC = NO;
				GCC_NO_COMMON_BLOCKS = YES;
				GCC_OPTIMIZATION_LEVEL = 0;
				GCC_PREPROCESSOR_DEFINITIONS = (
					"DEBUG=1",
					"$(inherited)",
				);
				GCC_WARN_64_TO_32_BIT_CONVERSION = YES;
				GCC_WARN_ABOUT_RETURN_TYPE = YES_ERROR;
				GCC_WARN_UNDECLARED_SELECTOR = YES;
				GCC_WARN_UNINITIALIZED_AUTOS = YES_AGGRESSIVE;
				GCC_WARN_UNUSED_FUNCTION = YES;
				GCC_WARN_UNUSED_VARIABLE = YES;
				IPHONEOS_DEPLOYMENT_TARGET = 10.2;
				MTL_ENABLE_DEBUG_INFO = YES;
				ONLY_ACTIVE_ARCH = YES;
				SDKROOT = iphoneos;
				SWIFT_ACTIVE_COMPILATION_CONDITIONS = DEBUG;
				SWIFT_OPTIMIZATION_LEVEL = "-Onone";
			};
			name = Debug;
		};
		7AD540F11E559C2E0046350D /* Release */ = {
			isa = XCBuildConfiguration;
			buildSettings = {
				ALWAYS_SEARCH_USER_PATHS = NO;
				CLANG_ANALYZER_NONNULL = YES;
				CLANG_CXX_LANGUAGE_STANDARD = "gnu++0x";
				CLANG_CXX_LIBRARY = "libc++";
				CLANG_ENABLE_MODULES = YES;
				CLANG_ENABLE_OBJC_ARC = YES;
				CLANG_WARN_BOOL_CONVERSION = YES;
				CLANG_WARN_CONSTANT_CONVERSION = YES;
				CLANG_WARN_DIRECT_OBJC_ISA_USAGE = YES_ERROR;
				CLANG_WARN_DOCUMENTATION_COMMENTS = YES;
				CLANG_WARN_EMPTY_BODY = YES;
				CLANG_WARN_ENUM_CONVERSION = YES;
				CLANG_WARN_INFINITE_RECURSION = YES;
				CLANG_WARN_INT_CONVERSION = YES;
				CLANG_WARN_OBJC_ROOT_CLASS = YES_ERROR;
				CLANG_WARN_SUSPICIOUS_MOVE = YES;
				CLANG_WARN_UNREACHABLE_CODE = YES;
				CLANG_WARN__DUPLICATE_METHOD_MATCH = YES;
				"CODE_SIGN_IDENTITY[sdk=iphoneos*]" = "iPhone Developer";
				COPY_PHASE_STRIP = NO;
				DEBUG_INFORMATION_FORMAT = "dwarf-with-dsym";
				ENABLE_NS_ASSERTIONS = NO;
				ENABLE_STRICT_OBJC_MSGSEND = YES;
				GCC_C_LANGUAGE_STANDARD = gnu99;
				GCC_NO_COMMON_BLOCKS = YES;
				GCC_WARN_64_TO_32_BIT_CONVERSION = YES;
				GCC_WARN_ABOUT_RETURN_TYPE = YES_ERROR;
				GCC_WARN_UNDECLARED_SELECTOR = YES;
				GCC_WARN_UNINITIALIZED_AUTOS = YES_AGGRESSIVE;
				GCC_WARN_UNUSED_FUNCTION = YES;
				GCC_WARN_UNUSED_VARIABLE = YES;
				IPHONEOS_DEPLOYMENT_TARGET = 10.2;
				MTL_ENABLE_DEBUG_INFO = NO;
				SDKROOT = iphoneos;
				SWIFT_OPTIMIZATION_LEVEL = "-Owholemodule";
				VALIDATE_PRODUCT = YES;
			};
			name = Release;
		};
		7AD540F31E559C2E0046350D /* Debug */ = {
			isa = XCBuildConfiguration;
			buildSettings = {
				ASSETCATALOG_COMPILER_APPICON_NAME = AppIcon;
				INFOPLIST_FILE = CircleActivityView/Info.plist;
				LD_RUNPATH_SEARCH_PATHS = "$(inherited) @executable_path/Frameworks";
				PRODUCT_BUNDLE_IDENTIFIER = com.CircleActivityView;
				PRODUCT_NAME = "$(TARGET_NAME)";
				SWIFT_VERSION = 3.0;
			};
			name = Debug;
		};
		7AD540F41E559C2E0046350D /* Release */ = {
			isa = XCBuildConfiguration;
			buildSettings = {
				ASSETCATALOG_COMPILER_APPICON_NAME = AppIcon;
				INFOPLIST_FILE = CircleActivityView/Info.plist;
				LD_RUNPATH_SEARCH_PATHS = "$(inherited) @executable_path/Frameworks";
				PRODUCT_BUNDLE_IDENTIFIER = com.CircleActivityView;
				PRODUCT_NAME = "$(TARGET_NAME)";
				SWIFT_VERSION = 3.0;
			};
			name = Release;
		};
		7AD540F61E559C2E0046350D /* Debug */ = {
			isa = XCBuildConfiguration;
			buildSettings = {
				ALWAYS_EMBED_SWIFT_STANDARD_LIBRARIES = YES;
				BUNDLE_LOADER = "$(TEST_HOST)";
				INFOPLIST_FILE = CircleActivityViewTests/Info.plist;
				LD_RUNPATH_SEARCH_PATHS = "$(inherited) @executable_path/Frameworks @loader_path/Frameworks";
				PRODUCT_BUNDLE_IDENTIFIER = com.CircleActivityViewTests;
				PRODUCT_NAME = "$(TARGET_NAME)";
				SWIFT_VERSION = 3.0;
				TEST_HOST = "$(BUILT_PRODUCTS_DIR)/CircleActivityView.app/CircleActivityView";
			};
			name = Debug;
		};
		7AD540F71E559C2E0046350D /* Release */ = {
			isa = XCBuildConfiguration;
			buildSettings = {
				ALWAYS_EMBED_SWIFT_STANDARD_LIBRARIES = YES;
				BUNDLE_LOADER = "$(TEST_HOST)";
				INFOPLIST_FILE = CircleActivityViewTests/Info.plist;
				LD_RUNPATH_SEARCH_PATHS = "$(inherited) @executable_path/Frameworks @loader_path/Frameworks";
				PRODUCT_BUNDLE_IDENTIFIER = com.CircleActivityViewTests;
				PRODUCT_NAME = "$(TARGET_NAME)";
				SWIFT_VERSION = 3.0;
				TEST_HOST = "$(BUILT_PRODUCTS_DIR)/CircleActivityView.app/CircleActivityView";
			};
			name = Release;
		};
		7AD540F91E559C2E0046350D /* Debug */ = {
			isa = XCBuildConfiguration;
			buildSettings = {
				ALWAYS_EMBED_SWIFT_STANDARD_LIBRARIES = YES;
				INFOPLIST_FILE = CircleActivityViewUITests/Info.plist;
				LD_RUNPATH_SEARCH_PATHS = "$(inherited) @executable_path/Frameworks @loader_path/Frameworks";
				PRODUCT_BUNDLE_IDENTIFIER = com.CircleActivityViewUITests;
				PRODUCT_NAME = "$(TARGET_NAME)";
				SWIFT_VERSION = 3.0;
				TEST_TARGET_NAME = CircleActivityView;
			};
			name = Debug;
		};
		7AD540FA1E559C2E0046350D /* Release */ = {
			isa = XCBuildConfiguration;
			buildSettings = {
				ALWAYS_EMBED_SWIFT_STANDARD_LIBRARIES = YES;
				INFOPLIST_FILE = CircleActivityViewUITests/Info.plist;
				LD_RUNPATH_SEARCH_PATHS = "$(inherited) @executable_path/Frameworks @loader_path/Frameworks";
				PRODUCT_BUNDLE_IDENTIFIER = com.CircleActivityViewUITests;
				PRODUCT_NAME = "$(TARGET_NAME)";
				SWIFT_VERSION = 3.0;
				TEST_TARGET_NAME = CircleActivityView;
			};
			name = Release;
		};
/* End XCBuildConfiguration section */

/* Begin XCConfigurationList section */
		7AD540C51E559C2E0046350D /* Build configuration list for PBXProject "CircleActivityView" */ = {
			isa = XCConfigurationList;
			buildConfigurations = (
				7AD540F01E559C2E0046350D /* Debug */,
				7AD540F11E559C2E0046350D /* Release */,
			);
			defaultConfigurationIsVisible = 0;
			defaultConfigurationName = Release;
		};
		7AD540F21E559C2E0046350D /* Build configuration list for PBXNativeTarget "CircleActivityView" */ = {
			isa = XCConfigurationList;
			buildConfigurations = (
				7AD540F31E559C2E0046350D /* Debug */,
				7AD540F41E559C2E0046350D /* Release */,
			);
			defaultConfigurationIsVisible = 0;
		};
		7AD540F51E559C2E0046350D /* Build configuration list for PBXNativeTarget "CircleActivityViewTests" */ = {
			isa = XCConfigurationList;
			buildConfigurations = (
				7AD540F61E559C2E0046350D /* Debug */,
				7AD540F71E559C2E0046350D /* Release */,
			);
			defaultConfigurationIsVisible = 0;
		};
		7AD540F81E559C2E0046350D /* Build configuration list for PBXNativeTarget "CircleActivityViewUITests" */ = {
			isa = XCConfigurationList;
			buildConfigurations = (
				7AD540F91E559C2E0046350D /* Debug */,
				7AD540FA1E559C2E0046350D /* Release */,
			);
			defaultConfigurationIsVisible = 0;
		};
/* End XCConfigurationList section */
	};
	rootObject = 7AD540C21E559C2E0046350D /* Project object */;
}
